{
    "_readme": [
        "This file locks the dependencies of your project to a known state",
        "Read more about it at http://getcomposer.org/doc/01-basic-usage.md#composer-lock-the-lock-file",
        "This file is @generated automatically"
    ],
    "hash": "0b4387d4fb5028cab17d684d849cdf1f",
    "packages": [
        {
            "name": "composer/installers",
            "version": "dev-master",
            "source": {
                "type": "git",
                "url": "https://github.com/composer/installers.git",
                "reference": "41cf781ed1271e25bf31b715416a349996aa2527"
            },
            "dist": {
                "type": "zip",
                "url": "https://api.github.com/repos/composer/installers/zipball/41cf781ed1271e25bf31b715416a349996aa2527",
                "reference": "41cf781ed1271e25bf31b715416a349996aa2527",
                "shasum": ""
            },
            "replace": {
                "roundcube/plugin-installer": "*",
                "shama/baton": "*"
            },
            "require-dev": {
                "composer/composer": "1.0.*@dev",
                "phpunit/phpunit": "4.1.*"
            },
            "type": "composer-installer",
            "extra": {
                "class": "Composer\\Installers\\Installer",
                "branch-alias": {
                    "dev-master": "1.0-dev"
                }
            },
            "autoload": {
                "psr-0": {
                    "Composer\\Installers\\": "src/"
                }
            },
            "notification-url": "https://packagist.org/downloads/",
            "license": [
                "MIT"
            ],
            "authors": [
                {
                    "name": "Kyle Robinson Young",
                    "email": "kyle@dontkry.com",
                    "homepage": "https://github.com/shama"
                }
            ],
            "description": "A multi-framework Composer library installer",
            "homepage": "http://composer.github.com/installers/",
            "keywords": [
                "Craft",
                "Dolibarr",
                "Hurad",
                "MODX Evo",
                "OXID",
                "WolfCMS",
                "agl",
                "annotatecms",
                "bitrix",
                "cakephp",
                "chef",
                "codeigniter",
                "concrete5",
                "croogo",
                "drupal",
                "elgg",
                "fuelphp",
                "installer",
                "joomla",
                "kohana",
                "laravel",
                "lithium",
                "magento",
                "mako",
                "mediawiki",
                "modulework",
                "moodle",
                "phpbb",
                "piwik",
                "ppi",
                "puppet",
                "roundcube",
                "shopware",
                "silverstripe",
                "symfony",
                "typo3",
                "wordpress",
                "zend",
                "zikula"
            ],
            "time": "2014-07-22 17:04:15"
        },
        {
            "name": "djordje/li3_validators",
            "version": "dev-master",
            "source": {
                "type": "git",
                "url": "https://github.com/djordje/li3_validators.git",
                "reference": "6f74e792c8237200968f0a9794e5cc609d11870d"
            },
            "dist": {
                "type": "zip",
                "url": "https://api.github.com/repos/djordje/li3_validators/zipball/6f74e792c8237200968f0a9794e5cc609d11870d",
                "reference": "6f74e792c8237200968f0a9794e5cc609d11870d",
                "shasum": ""
            },
            "require": {
                "composer/installers": "dev-master",
                "php": ">=5.3"
            },
            "type": "lithium-library",
            "notification-url": "https://packagist.org/downloads/",
            "license": [
                "BSD-3-Clause"
            ],
            "authors": [
                {
                    "name": "Djordje Kovacevic",
                    "homepage": "http://djordjekovacevic.com"
                }
            ],
            "description": "Collection of lithium validators",
            "homepage": "https://github.com/djordje/li3_validators",
            "keywords": [
                "li3",
                "lithium",
                "php",
                "validators"
            ],
            "time": "2013-07-12 16:30:05"
        },
        {
            "name": "michaelhue/li3_flash_message",
            "version": "dev-master",
            "source": {
                "type": "git",
                "url": "https://github.com/michaelhue/li3_flash_message.git",
                "reference": "618e44c69099b9df5cf154b646363c5ad619690b"
            },
            "dist": {
                "type": "zip",
                "url": "https://api.github.com/repos/michaelhue/li3_flash_message/zipball/618e44c69099b9df5cf154b646363c5ad619690b",
                "reference": "618e44c69099b9df5cf154b646363c5ad619690b",
                "shasum": ""
            },
            "require": {
                "composer/installers": "*"
            },
            "suggest": {
                "UnionOfRAD/lithium": "Lithium is required for this plugin."
            },
            "type": "lithium-library",
            "notification-url": "https://packagist.org/downloads/",
            "license": [
                "MIT"
            ],
            "authors": [
                {
                    "name": "Michael Hüneburg",
                    "email": "hello@michaelhue.com",
                    "homepage": "http://michaelhue.com",
                    "role": "Developer"
                }
            ],
            "description": "The Flash Message plugin  for Lithium provides a straightforward interface for displaying status messages to the user.",
            "time": "2012-12-05 11:57:11"
        },
        {
            "name": "unionofrad/lithium",
            "version": "dev-master",
            "target-dir": "lithium",
            "source": {
                "type": "git",
                "url": "https://github.com/UnionOfRAD/lithium.git",
                "reference": "791c2ce345b63cd47f067cdebccb6497a35de014"
            },
            "dist": {
                "type": "zip",
                "url": "https://api.github.com/repos/UnionOfRAD/lithium/zipball/791c2ce345b63cd47f067cdebccb6497a35de014",
                "reference": "791c2ce345b63cd47f067cdebccb6497a35de014",
                "shasum": ""
            },
            "require": {
                "php": ">=5.3.6"
            },
            "bin": [
                "console/li3"
            ],
            "type": "library",
            "autoload": {
                "psr-0": {
                    "lithium": ""
                }
            },
            "notification-url": "https://packagist.org/downloads/",
            "license": [
                "BSD-3-Clause"
            ],
            "authors": [
                {
                    "name": "Union of RAD",
                    "homepage": "http://union-of-rad.org"
                },
                {
                    "name": "The Lithium Community",
                    "homepage": "http://github.com/UnionOfRAD/lithium/graphs/contributors"
                }
            ],
            "description": "The core library of the Lithium PHP framework",
            "homepage": "http://lithify.me",
            "keywords": [
                "framework",
                "lithium"
            ],
            "time": "2014-01-04 19:49:26"
        }
    ],
    "packages-dev": [

    ],
    "aliases": [

    ],
    "minimum-stability": "dev",
    "stability-flags": {
        "djordje/li3_validators": 20,
        "michaelhue/li3_flash_message": 20
    },
    "prefer-stable": false,
    "platform": [

    ],
    "platform-dev": [

    ]
}
